// !$*UTF8*$!
{
	archiveVersion = 1;
	classes = {
	};
	objectVersion = 77;
	objects = {

/* Begin PBXContainerItemProxy section */
		ED40B9C52CC054C300373C2C /* PBXContainerItemProxy */ = {
			isa = PBXContainerItemProxy;
			containerPortal = ED40B9AC2CC054C100373C2C /* Project object */;
			proxyType = 1;
			remoteGlobalIDString = ED40B9B32CC054C100373C2C;
			remoteInfo = "Project9-Navigation";
		};
		ED40B9CF2CC054C300373C2C /* PBXContainerItemProxy */ = {
			isa = PBXContainerItemProxy;
			containerPortal = ED40B9AC2CC054C100373C2C /* Project object */;
			proxyType = 1;
			remoteGlobalIDString = ED40B9B32CC054C100373C2C;
			remoteInfo = "Project9-Navigation";
		};
/* End PBXContainerItemProxy section */

/* Begin PBXFileReference section */
		ED40B9B42CC054C100373C2C /* Project9-Navigation.app */ = {isa = PBXFileReference; explicitFileType = wrapper.application; includeInIndex = 0; path = "Project9-Navigation.app"; sourceTree = BUILT_PRODUCTS_DIR; };
		ED40B9C42CC054C300373C2C /* Project9-NavigationTests.xctest */ = {isa = PBXFileReference; explicitFileType = wrapper.cfbundle; includeInIndex = 0; path = "Project9-NavigationTests.xctest"; sourceTree = BUILT_PRODUCTS_DIR; };
		ED40B9CE2CC054C300373C2C /* Project9-NavigationUITests.xctest */ = {isa = PBXFileReference; explicitFileType = wrapper.cfbundle; includeInIndex = 0; path = "Project9-NavigationUITests.xctest"; sourceTree = BUILT_PRODUCTS_DIR; };
/* End PBXFileReference section */

/* Begin PBXFileSystemSynchronizedRootGroup section */
		ED40B9B62CC054C100373C2C /* Project9-Navigation */ = {
			isa = PBXFileSystemSynchronizedRootGroup;
			path = "Project9-Navigation";
			sourceTree = "<group>";
		};
		ED40B9C72CC054C300373C2C /* Project9-NavigationTests */ = {
			isa = PBXFileSystemSynchronizedRootGroup;
			path = "Project9-NavigationTests";
			sourceTree = "<group>";
		};
		ED40B9D12CC054C300373C2C /* Project9-NavigationUITests */ = {
			isa = PBXFileSystemSynchronizedRootGroup;
			path = "Project9-NavigationUITests";
			sourceTree = "<group>";
		};
/* End PBXFileSystemSynchronizedRootGroup section */

/* Begin PBXFrameworksBuildPhase section */
		ED40B9B12CC054C100373C2C /* Frameworks */ = {
			isa = PBXFrameworksBuildPhase;
			buildActionMask = 2147483647;
			files = (
			);
			runOnlyForDeploymentPostprocessing = 0;
		};
		ED40B9C12CC054C300373C2C /* Frameworks */ = {
			isa = PBXFrameworksBuildPhase;
			buildActionMask = 2147483647;
			files = (
			);
			runOnlyForDeploymentPostprocessing = 0;
		};
		ED40B9CB2CC054C300373C2C /* Frameworks */ = {
			isa = PBXFrameworksBuildPhase;
			buildActionMask = 2147483647;
			files = (
			);
			runOnlyForDeploymentPostprocessing = 0;
		};
/* End PBXFrameworksBuildPhase section */

/* Begin PBXGroup section */
		ED40B9AB2CC054C100373C2C = {
			isa = PBXGroup;
			children = (
				ED40B9B62CC054C100373C2C /* Project9-Navigation */,
				ED40B9C72CC054C300373C2C /* Project9-NavigationTests */,
				ED40B9D12CC054C300373C2C /* Project9-NavigationUITests */,
				ED40B9B52CC054C100373C2C /* Products */,
			);
			sourceTree = "<group>";
		};
		ED40B9B52CC054C100373C2C /* Products */ = {
			isa = PBXGroup;
			children = (
				ED40B9B42CC054C100373C2C /* Project9-Navigation.app */,
				ED40B9C42CC054C300373C2C /* Project9-NavigationTests.xctest */,
				ED40B9CE2CC054C300373C2C /* Project9-NavigationUITests.xctest */,
			);
			name = Products;
			sourceTree = "<group>";
		};
/* End PBXGroup section */

/* Begin PBXNativeTarget section */
		ED40B9B32CC054C100373C2C /* Project9-Navigation */ = {
			isa = PBXNativeTarget;
			buildConfigurationList = ED40B9D82CC054C300373C2C /* Build configuration list for PBXNativeTarget "Project9-Navigation" */;
			buildPhases = (
				ED40B9B02CC054C100373C2C /* Sources */,
				ED40B9B12CC054C100373C2C /* Frameworks */,
				ED40B9B22CC054C100373C2C /* Resources */,
			);
			buildRules = (
			);
			dependencies = (
			);
			fileSystemSynchronizedGroups = (
				ED40B9B62CC054C100373C2C /* Project9-Navigation */,
			);
			name = "Project9-Navigation";
			packageProductDependencies = (
			);
			productName = "Project9-Navigation";
			productReference = ED40B9B42CC054C100373C2C /* Project9-Navigation.app */;
			productType = "com.apple.product-type.application";
		};
		ED40B9C32CC054C300373C2C /* Project9-NavigationTests */ = {
			isa = PBXNativeTarget;
			buildConfigurationList = ED40B9DB2CC054C300373C2C /* Build configuration list for PBXNativeTarget "Project9-NavigationTests" */;
			buildPhases = (
				ED40B9C02CC054C300373C2C /* Sources */,
				ED40B9C12CC054C300373C2C /* Frameworks */,
				ED40B9C22CC054C300373C2C /* Resources */,
			);
			buildRules = (
			);
			dependencies = (
				ED40B9C62CC054C300373C2C /* PBXTargetDependency */,
			);
			fileSystemSynchronizedGroups = (
				ED40B9C72CC054C300373C2C /* Project9-NavigationTests */,
			);
			name = "Project9-NavigationTests";
			packageProductDependencies = (
			);
			productName = "Project9-NavigationTests";
			productReference = ED40B9C42CC054C300373C2C /* Project9-NavigationTests.xctest */;
			productType = "com.apple.product-type.bundle.unit-test";
		};
		ED40B9CD2CC054C300373C2C /* Project9-NavigationUITests */ = {
			isa = PBXNativeTarget;
			buildConfigurationList = ED40B9DE2CC054C300373C2C /* Build configuration list for PBXNativeTarget "Project9-NavigationUITests" */;
			buildPhases = (
				ED40B9CA2CC054C300373C2C /* Sources */,
				ED40B9CB2CC054C300373C2C /* Frameworks */,
				ED40B9CC2CC054C300373C2C /* Resources */,
			);
			buildRules = (
			);
			dependencies = (
				ED40B9D02CC054C300373C2C /* PBXTargetDependency */,
			);
			fileSystemSynchronizedGroups = (
				ED40B9D12CC054C300373C2C /* Project9-NavigationUITests */,
			);
			name = "Project9-NavigationUITests";
			packageProductDependencies = (
			);
			productName = "Project9-NavigationUITests";
			productReference = ED40B9CE2CC054C300373C2C /* Project9-NavigationUITests.xctest */;
			productType = "com.apple.product-type.bundle.ui-testing";
		};
/* End PBXNativeTarget section */

/* Begin PBXProject section */
		ED40B9AC2CC054C100373C2C /* Project object */ = {
			isa = PBXProject;
			attributes = {
				BuildIndependentTargetsInParallel = 1;
				LastSwiftUpdateCheck = 1600;
				LastUpgradeCheck = 1600;
				TargetAttributes = {
					ED40B9B32CC054C100373C2C = {
						CreatedOnToolsVersion = 16.0;
					};
					ED40B9C32CC054C300373C2C = {
						CreatedOnToolsVersion = 16.0;
						TestTargetID = ED40B9B32CC054C100373C2C;
					};
					ED40B9CD2CC054C300373C2C = {
						CreatedOnToolsVersion = 16.0;
						TestTargetID = ED40B9B32CC054C100373C2C;
					};
				};
			};
			buildConfigurationList = ED40B9AF2CC054C100373C2C /* Build configuration list for PBXProject "Project9-Navigation" */;
			developmentRegion = en;
			hasScannedForEncodings = 0;
			knownRegions = (
				en,
				Base,
			);
			mainGroup = ED40B9AB2CC054C100373C2C;
			minimizedProjectReferenceProxies = 1;
			preferredProjectObjectVersion = 77;
			productRefGroup = ED40B9B52CC054C100373C2C /* Products */;
			projectDirPath = "";
			projectRoot = "";
			targets = (
				ED40B9B32CC054C100373C2C /* Project9-Navigation */,
				ED40B9C32CC054C300373C2C /* Project9-NavigationTests */,
				ED40B9CD2CC054C300373C2C /* Project9-NavigationUITests */,
			);
		};
/* End PBXProject section */

/* Begin PBXResourcesBuildPhase section */
		ED40B9B22CC054C100373C2C /* Resources */ = {
			isa = PBXResourcesBuildPhase;
			buildActionMask = 2147483647;
			files = (
			);
			runOnlyForDeploymentPostprocessing = 0;
		};
		ED40B9C22CC054C300373C2C /* Resources */ = {
			isa = PBXResourcesBuildPhase;
			buildActionMask = 2147483647;
			files = (
			);
			runOnlyForDeploymentPostprocessing = 0;
		};
		ED40B9CC2CC054C300373C2C /* Resources */ = {
			isa = PBXResourcesBuildPhase;
			buildActionMask = 2147483647;
			files = (
			);
			runOnlyForDeploymentPostprocessing = 0;
		};
/* End PBXResourcesBuildPhase section */

/* Begin PBXSourcesBuildPhase section */
		ED40B9B02CC054C100373C2C /* Sources */ = {
			isa = PBXSourcesBuildPhase;
			buildActionMask = 2147483647;
			files = (
			);
			runOnlyForDeploymentPostprocessing = 0;
		};
		ED40B9C02CC054C300373C2C /* Sources */ = {
			isa = PBXSourcesBuildPhase;
			buildActionMask = 2147483647;
			files = (
			);
			runOnlyForDeploymentPostprocessing = 0;
		};
		ED40B9CA2CC054C300373C2C /* Sources */ = {
			isa = PBXSourcesBuildPhase;
			buildActionMask = 2147483647;
			files = (
			);
			runOnlyForDeploymentPostprocessing = 0;
		};
/* End PBXSourcesBuildPhase section */

/* Begin PBXTargetDependency section */
		ED40B9C62CC054C300373C2C /* PBXTargetDependency */ = {
			isa = PBXTargetDependency;
			target = ED40B9B32CC054C100373C2C /* Project9-Navigation */;
			targetProxy = ED40B9C52CC054C300373C2C /* PBXContainerItemProxy */;
		};
		ED40B9D02CC054C300373C2C /* PBXTargetDependency */ = {
			isa = PBXTargetDependency;
			target = ED40B9B32CC054C100373C2C /* Project9-Navigation */;
			targetProxy = ED40B9CF2CC054C300373C2C /* PBXContainerItemProxy */;
		};
/* End PBXTargetDependency section */

/* Begin XCBuildConfiguration section */
		ED40B9D62CC054C300373C2C /* Debug */ = {
			isa = XCBuildConfiguration;
			buildSettings = {
				ALWAYS_SEARCH_USER_PATHS = NO;
				ASSETCATALOG_COMPILER_GENERATE_SWIFT_ASSET_SYMBOL_EXTENSIONS = YES;
				CLANG_ANALYZER_NONNULL = YES;
				CLANG_ANALYZER_NUMBER_OBJECT_CONVERSION = YES_AGGRESSIVE;
				CLANG_CXX_LANGUAGE_STANDARD = "gnu++20";
				CLANG_ENABLE_MODULES = YES;
				CLANG_ENABLE_OBJC_ARC = YES;
				CLANG_ENABLE_OBJC_WEAK = YES;
				CLANG_WARN_BLOCK_CAPTURE_AUTORELEASING = YES;
				CLANG_WARN_BOOL_CONVERSION = YES;
				CLANG_WARN_COMMA = YES;
				CLANG_WARN_CONSTANT_CONVERSION = YES;
				CLANG_WARN_DEPRECATED_OBJC_IMPLEMENTATIONS = YES;
				CLANG_WARN_DIRECT_OBJC_ISA_USAGE = YES_ERROR;
				CLANG_WARN_DOCUMENTATION_COMMENTS = YES;
				CLANG_WARN_EMPTY_BODY = YES;
				CLANG_WARN_ENUM_CONVERSION = YES;
				CLANG_WARN_INFINITE_RECURSION = YES;
				CLANG_WARN_INT_CONVERSION = YES;
				CLANG_WARN_NON_LITERAL_NULL_CONVERSION = YES;
				CLANG_WARN_OBJC_IMPLICIT_RETAIN_SELF = YES;
				CLANG_WARN_OBJC_LITERAL_CONVERSION = YES;
				CLANG_WARN_OBJC_ROOT_CLASS = YES_ERROR;
				CLANG_WARN_QUOTED_INCLUDE_IN_FRAMEWORK_HEADER = YES;
				CLANG_WARN_RANGE_LOOP_ANALYSIS = YES;
				CLANG_WARN_STRICT_PROTOTYPES = YES;
				CLANG_WARN_SUSPICIOUS_MOVE = YES;
				CLANG_WARN_UNGUARDED_AVAILABILITY = YES_AGGRESSIVE;
				CLANG_WARN_UNREACHABLE_CODE = YES;
				CLANG_WARN__DUPLICATE_METHOD_MATCH = YES;
				COPY_PHASE_STRIP = NO;
				DEBUG_INFORMATION_FORMAT = dwarf;
				ENABLE_STRICT_OBJC_MSGSEND = YES;
				ENABLE_TESTABILITY = YES;
				ENABLE_USER_SCRIPT_SANDBOXING = YES;
				GCC_C_LANGUAGE_STANDARD = gnu17;
				GCC_DYNAMIC_NO_PIC = NO;
				GCC_NO_COMMON_BLOCKS = YES;
				GCC_OPTIMIZATION_LEVEL = 0;
				GCC_PREPROCESSOR_DEFINITIONS = (
					"DEBUG=1",
					"$(inherited)",
				);
				GCC_WARN_64_TO_32_BIT_CONVERSION = YES;
				GCC_WARN_ABOUT_RETURN_TYPE = YES_ERROR;
				GCC_WARN_UNDECLARED_SELECTOR = YES;
				GCC_WARN_UNINITIALIZED_AUTOS = YES_AGGRESSIVE;
				GCC_WARN_UNUSED_FUNCTION = YES;
				GCC_WARN_UNUSED_VARIABLE = YES;
				IPHONEOS_DEPLOYMENT_TARGET = 18.0;
				LOCALIZATION_PREFERS_STRING_CATALOGS = YES;
				MTL_ENABLE_DEBUG_INFO = INCLUDE_SOURCE;
				MTL_FAST_MATH = YES;
				ONLY_ACTIVE_ARCH = YES;
				SDKROOT = iphoneos;
				SWIFT_ACTIVE_COMPILATION_CONDITIONS = "DEBUG $(inherited)";
				SWIFT_OPTIMIZATION_LEVEL = "-Onone";
			};
			name = Debug;
		};
		ED40B9D72CC054C300373C2C /* Release */ = {
			isa = XCBuildConfiguration;
			buildSettings = {
				ALWAYS_SEARCH_USER_PATHS = NO;
				ASSETCATALOG_COMPILER_GENERATE_SWIFT_ASSET_SYMBOL_EXTENSIONS = YES;
				CLANG_ANALYZER_NONNULL = YES;
				CLANG_ANALYZER_NUMBER_OBJECT_CONVERSION = YES_AGGRESSIVE;
				CLANG_CXX_LANGUAGE_STANDARD = "gnu++20";
				CLANG_ENABLE_MODULES = YES;
				CLANG_ENABLE_OBJC_ARC = YES;
				CLANG_ENABLE_OBJC_WEAK = YES;
				CLANG_WARN_BLOCK_CAPTURE_AUTORELEASING = YES;
				CLANG_WARN_BOOL_CONVERSION = YES;
				CLANG_WARN_COMMA = YES;
				CLANG_WARN_CONSTANT_CONVERSION = YES;
				CLANG_WARN_DEPRECATED_OBJC_IMPLEMENTATIONS = YES;
				CLANG_WARN_DIRECT_OBJC_ISA_USAGE = YES_ERROR;
				CLANG_WARN_DOCUMENTATION_COMMENTS = YES;
				CLANG_WARN_EMPTY_BODY = YES;
				CLANG_WARN_ENUM_CONVERSION = YES;
				CLANG_WARN_INFINITE_RECURSION = YES;
				CLANG_WARN_INT_CONVERSION = YES;
				CLANG_WARN_NON_LITERAL_NULL_CONVERSION = YES;
				CLANG_WARN_OBJC_IMPLICIT_RETAIN_SELF = YES;
				CLANG_WARN_OBJC_LITERAL_CONVERSION = YES;
				CLANG_WARN_OBJC_ROOT_CLASS = YES_ERROR;
				CLANG_WARN_QUOTED_INCLUDE_IN_FRAMEWORK_HEADER = YES;
				CLANG_WARN_RANGE_LOOP_ANALYSIS = YES;
				CLANG_WARN_STRICT_PROTOTYPES = YES;
				CLANG_WARN_SUSPICIOUS_MOVE = YES;
				CLANG_WARN_UNGUARDED_AVAILABILITY = YES_AGGRESSIVE;
				CLANG_WARN_UNREACHABLE_CODE = YES;
				CLANG_WARN__DUPLICATE_METHOD_MATCH = YES;
				COPY_PHASE_STRIP = NO;
				DEBUG_INFORMATION_FORMAT = "dwarf-with-dsym";
				ENABLE_NS_ASSERTIONS = NO;
				ENABLE_STRICT_OBJC_MSGSEND = YES;
				ENABLE_USER_SCRIPT_SANDBOXING = YES;
				GCC_C_LANGUAGE_STANDARD = gnu17;
				GCC_NO_COMMON_BLOCKS = YES;
				GCC_WARN_64_TO_32_BIT_CONVERSION = YES;
				GCC_WARN_ABOUT_RETURN_TYPE = YES_ERROR;
				GCC_WARN_UNDECLARED_SELECTOR = YES;
				GCC_WARN_UNINITIALIZED_AUTOS = YES_AGGRESSIVE;
				GCC_WARN_UNUSED_FUNCTION = YES;
				GCC_WARN_UNUSED_VARIABLE = YES;
				IPHONEOS_DEPLOYMENT_TARGET = 18.0;
				LOCALIZATION_PREFERS_STRING_CATALOGS = YES;
				MTL_ENABLE_DEBUG_INFO = NO;
				MTL_FAST_MATH = YES;
				SDKROOT = iphoneos;
				SWIFT_COMPILATION_MODE = wholemodule;
				VALIDATE_PRODUCT = YES;
			};
			name = Release;
		};
		ED40B9D92CC054C300373C2C /* Debug */ = {
			isa = XCBuildConfiguration;
			buildSettings = {
				ASSETCATALOG_COMPILER_APPICON_NAME = AppIcon;
				ASSETCATALOG_COMPILER_GLOBAL_ACCENT_COLOR_NAME = AccentColor;
				CODE_SIGN_STYLE = Automatic;
				CURRENT_PROJECT_VERSION = 1;
				DEVELOPMENT_ASSET_PATHS = "\"Project9-Navigation/Preview Content\"";
				DEVELOPMENT_TEAM = 2Y48Z77HM3;
				ENABLE_PREVIEWS = YES;
				GENERATE_INFOPLIST_FILE = YES;
				INFOPLIST_KEY_UIApplicationSceneManifest_Generation = YES;
				INFOPLIST_KEY_UIApplicationSupportsIndirectInputEvents = YES;
				INFOPLIST_KEY_UILaunchScreen_Generation = YES;
				INFOPLIST_KEY_UISupportedInterfaceOrientations_iPad = "UIInterfaceOrientationPortrait UIInterfaceOrientationPortraitUpsideDown UIInterfaceOrientationLandscapeLeft UIInterfaceOrientationLandscapeRight";
				INFOPLIST_KEY_UISupportedInterfaceOrientations_iPhone = "UIInterfaceOrientationPortrait UIInterfaceOrientationLandscapeLeft UIInterfaceOrientationLandscapeRight";
				LD_RUNPATH_SEARCH_PATHS = (
					"$(inherited)",
					"@executable_path/Frameworks",
				);
				MARKETING_VERSION = 1.0;
				PRODUCT_BUNDLE_IDENTIFIER = "com.example.Project9-Navigation";
				PRODUCT_NAME = "$(TARGET_NAME)";
				SWIFT_EMIT_LOC_STRINGS = YES;
				SWIFT_VERSION = 5.0;
				TARGETED_DEVICE_FAMILY = "1,2";
			};
			name = Debug;
		};
		ED40B9DA2CC054C300373C2C /* Release */ = {
			isa = XCBuildConfiguration;
			buildSettings = {
				ASSETCATALOG_COMPILER_APPICON_NAME = AppIcon;
				ASSETCATALOG_COMPILER_GLOBAL_ACCENT_COLOR_NAME = AccentColor;
				CODE_SIGN_STYLE = Automatic;
				CURRENT_PROJECT_VERSION = 1;
				DEVELOPMENT_ASSET_PATHS = "\"Project9-Navigation/Preview Content\"";
				DEVELOPMENT_TEAM = 2Y48Z77HM3;
				ENABLE_PREVIEWS = YES;
				GENERATE_INFOPLIST_FILE = YES;
				INFOPLIST_KEY_UIApplicationSceneManifest_Generation = YES;
				INFOPLIST_KEY_UIApplicationSupportsIndirectInputEvents = YES;
				INFOPLIST_KEY_UILaunchScreen_Generation = YES;
				INFOPLIST_KEY_UISupportedInterfaceOrientations_iPad = "UIInterfaceOrientationPortrait UIInterfaceOrientationPortraitUpsideDown UIInterfaceOrientationLandscapeLeft UIInterfaceOrientationLandscapeRight";
				INFOPLIST_KEY_UISupportedInterfaceOrientations_iPhone = "UIInterfaceOrientationPortrait UIInterfaceOrientationLandscapeLeft UIInterfaceOrientationLandscapeRight";
				LD_RUNPATH_SEARCH_PATHS = (
					"$(inherited)",
					"@executable_path/Frameworks",
				);
				MARKETING_VERSION = 1.0;
				PRODUCT_BUNDLE_IDENTIFIER = "com.example.Project9-Navigation";
				PRODUCT_NAME = "$(TARGET_NAME)";
				SWIFT_EMIT_LOC_STRINGS = YES;
				SWIFT_VERSION = 5.0;
				TARGETED_DEVICE_FAMILY = "1,2";
			};
			name = Release;
		};
		ED40B9DC2CC054C300373C2C /* Debug */ = {
			isa = XCBuildConfiguration;
			buildSettings = {
				BUNDLE_LOADER = "$(TEST_HOST)";
				CODE_SIGN_STYLE = Automatic;
				CURRENT_PROJECT_VERSION = 1;
				DEVELOPMENT_TEAM = 2Y48Z77HM3;
				GENERATE_INFOPLIST_FILE = YES;
				IPHONEOS_DEPLOYMENT_TARGET = 18.0;
				MARKETING_VERSION = 1.0;
				PRODUCT_BUNDLE_IDENTIFIER = "com.example.Project9-NavigationTests";
				PRODUCT_NAME = "$(TARGET_NAME)";
				SWIFT_EMIT_LOC_STRINGS = NO;
				SWIFT_VERSION = 5.0;
				TARGETED_DEVICE_FAMILY = "1,2";
				TEST_HOST = "$(BUILT_PRODUCTS_DIR)/Project9-Navigation.app/$(BUNDLE_EXECUTABLE_FOLDER_PATH)/Project9-Navigation";
			};
			name = Debug;
		};
		ED40B9DD2CC054C300373C2C /* Release */ = {
			isa = XCBuildConfiguration;
			buildSettings = {
				BUNDLE_LOADER = "$(TEST_HOST)";
				CODE_SIGN_STYLE = Automatic;
				CURRENT_PROJECT_VERSION = 1;
				DEVELOPMENT_TEAM = 2Y48Z77HM3;
				GENERATE_INFOPLIST_FILE = YES;
				IPHONEOS_DEPLOYMENT_TARGET = 18.0;
				MARKETING_VERSION = 1.0;
				PRODUCT_BUNDLE_IDENTIFIER = "com.example.Project9-NavigationTests";
				PRODUCT_NAME = "$(TARGET_NAME)";
				SWIFT_EMIT_LOC_STRINGS = NO;
				SWIFT_VERSION = 5.0;
				TARGETED_DEVICE_FAMILY = "1,2";
				TEST_HOST = "$(BUILT_PRODUCTS_DIR)/Project9-Navigation.app/$(BUNDLE_EXECUTABLE_FOLDER_PATH)/Project9-Navigation";
			};
			name = Release;
		};
		ED40B9DF2CC054C300373C2C /* Debug */ = {
			isa = XCBuildConfiguration;
			buildSettings = {
				CODE_SIGN_STYLE = Automatic;
				CURRENT_PROJECT_VERSION = 1;
				DEVELOPMENT_TEAM = 2Y48Z77HM3;
				GENERATE_INFOPLIST_FILE = YES;
				MARKETING_VERSION = 1.0;
				PRODUCT_BUNDLE_IDENTIFIER = "com.example.Project9-NavigationUITests";
				PRODUCT_NAME = "$(TARGET_NAME)";
				SWIFT_EMIT_LOC_STRINGS = NO;
				SWIFT_VERSION = 5.0;
				TARGETED_DEVICE_FAMILY = "1,2";
				TEST_TARGET_NAME = "Project9-Navigation";
			};
			name = Debug;
		};
		ED40B9E02CC054C300373C2C /* Release */ = {
			isa = XCBuildConfiguration;
			buildSettings = {
				CODE_SIGN_STYLE = Automatic;
				CURRENT_PROJECT_VERSION = 1;
				DEVELOPMENT_TEAM = 2Y48Z77HM3;
				GENERATE_INFOPLIST_FILE = YES;
				MARKETING_VERSION = 1.0;
				PRODUCT_BUNDLE_IDENTIFIER = "com.example.Project9-NavigationUITests";
				PRODUCT_NAME = "$(TARGET_NAME)";
				SWIFT_EMIT_LOC_STRINGS = NO;
				SWIFT_VERSION = 5.0;
				TARGETED_DEVICE_FAMILY = "1,2";
				TEST_TARGET_NAME = "Project9-Navigation";
			};
			name = Release;
		};
/* End XCBuildConfiguration section */

/* Begin XCConfigurationList section */
		ED40B9AF2CC054C100373C2C /* Build configuration list for PBXProject "Project9-Navigation" */ = {
			isa = XCConfigurationList;
			buildConfigurations = (
				ED40B9D62CC054C300373C2C /* Debug */,
				ED40B9D72CC054C300373C2C /* Release */,
			);
			defaultConfigurationIsVisible = 0;
			defaultConfigurationName = Release;
		};
		ED40B9D82CC054C300373C2C /* Build configuration list for PBXNativeTarget "Project9-Navigation" */ = {
			isa = XCConfigurationList;
			buildConfigurations = (
				ED40B9D92CC054C300373C2C /* Debug */,
				ED40B9DA2CC054C300373C2C /* Release */,
			);
			defaultConfigurationIsVisible = 0;
			defaultConfigurationName = Release;
		};
		ED40B9DB2CC054C300373C2C /* Build configuration list for PBXNativeTarget "Project9-NavigationTests" */ = {
			isa = XCConfigurationList;
			buildConfigurations = (
				ED40B9DC2CC054C300373C2C /* Debug */,
				ED40B9DD2CC054C300373C2C /* Release */,
			);
			defaultConfigurationIsVisible = 0;
			defaultConfigurationName = Release;
		};
		ED40B9DE2CC054C300373C2C /* Build configuration list for PBXNativeTarget "Project9-NavigationUITests" */ = {
			isa = XCConfigurationList;
			buildConfigurations = (
				ED40B9DF2CC054C300373C2C /* Debug */,
				ED40B9E02CC054C300373C2C /* Release */,
			);
			defaultConfigurationIsVisible = 0;
			defaultConfigurationName = Release;
		};
/* End XCConfigurationList section */
	};
	rootObject = ED40B9AC2CC054C100373C2C /* Project object */;
}
